// !$*UTF8*$!
{
	archiveVersion = 1;
	classes = {
	};
	objectVersion = 50;
	objects = {

/* Begin PBXBuildFile section */
		62B6422C20B4A865008EA574 /* Setter.cpp in Sources */ = {isa = PBXBuildFile; fileRef = 62B6422B20B4A865008EA574 /* Setter.cpp */; };
		62B6423E20B4AE31008EA574 /* Receiver.cpp in Sources */ = {isa = PBXBuildFile; fileRef = 62B6423D20B4AE31008EA574 /* Receiver.cpp */; };
/* End PBXBuildFile section */

/* Begin PBXCopyFilesBuildPhase section */
		62B6422620B4A865008EA574 /* CopyFiles */ = {
			isa = PBXCopyFilesBuildPhase;
			buildActionMask = 2147483647;
			dstPath = /usr/share/man/man1/;
			dstSubfolderSpec = 0;
			files = (
			);
			runOnlyForDeploymentPostprocessing = 1;
		};
		62B6423420B4ADB9008EA574 /* CopyFiles */ = {
			isa = PBXCopyFilesBuildPhase;
			buildActionMask = 2147483647;
			dstPath = /usr/share/man/man1/;
			dstSubfolderSpec = 0;
			files = (
			);
			runOnlyForDeploymentPostprocessing = 1;
		};
/* End PBXCopyFilesBuildPhase section */

/* Begin PBXFileReference section */
		62B6422820B4A865008EA574 /* DataSetter */ = {isa = PBXFileReference; explicitFileType = "compiled.mach-o.executable"; includeInIndex = 0; path = DataSetter; sourceTree = BUILT_PRODUCTS_DIR; };
		62B6422B20B4A865008EA574 /* Setter.cpp */ = {isa = PBXFileReference; lastKnownFileType = sourcecode.cpp.cpp; path = Setter.cpp; sourceTree = "<group>"; };
		62B6423620B4ADB9008EA574 /* DataReceiver */ = {isa = PBXFileReference; explicitFileType = "compiled.mach-o.executable"; includeInIndex = 0; path = DataReceiver; sourceTree = BUILT_PRODUCTS_DIR; };
		62B6423820B4ADB9008EA574 /* main.cpp */ = {isa = PBXFileReference; lastKnownFileType = sourcecode.cpp.cpp; path = main.cpp; sourceTree = "<group>"; };
		62B6423D20B4AE31008EA574 /* Receiver.cpp */ = {isa = PBXFileReference; lastKnownFileType = sourcecode.cpp.cpp; path = Receiver.cpp; sourceTree = "<group>"; };
		62B6423F20B4AE4B008EA574 /* DataStruct.h */ = {isa = PBXFileReference; lastKnownFileType = sourcecode.c.h; path = DataStruct.h; sourceTree = "<group>"; };
/* End PBXFileReference section */

/* Begin PBXFrameworksBuildPhase section */
		62B6422520B4A865008EA574 /* Frameworks */ = {
			isa = PBXFrameworksBuildPhase;
			buildActionMask = 2147483647;
			files = (
			);
			runOnlyForDeploymentPostprocessing = 0;
		};
		62B6423320B4ADB9008EA574 /* Frameworks */ = {
			isa = PBXFrameworksBuildPhase;
			buildActionMask = 2147483647;
			files = (
			);
			runOnlyForDeploymentPostprocessing = 0;
		};
/* End PBXFrameworksBuildPhase section */

/* Begin PBXGroup section */
		62B6421F20B4A865008EA574 = {
			isa = PBXGroup;
			children = (
				62B6422A20B4A865008EA574 /* SharedMemory */,
				62B6423720B4ADB9008EA574 /* DataReceiver */,
				62B6422920B4A865008EA574 /* Products */,
			);
			sourceTree = "<group>";
		};
		62B6422920B4A865008EA574 /* Products */ = {
			isa = PBXGroup;
			children = (
				62B6422820B4A865008EA574 /* DataSetter */,
				62B6423620B4ADB9008EA574 /* DataReceiver */,
			);
			name = Products;
			sourceTree = "<group>";
		};
		62B6422A20B4A865008EA574 /* SharedMemory */ = {
			isa = PBXGroup;
			children = (
				62B6423F20B4AE4B008EA574 /* DataStruct.h */,
				62B6422B20B4A865008EA574 /* Setter.cpp */,
				62B6423D20B4AE31008EA574 /* Receiver.cpp */,
			);
			path = SharedMemory;
			sourceTree = "<group>";
		};
		62B6423720B4ADB9008EA574 /* DataReceiver */ = {
			isa = PBXGroup;
			children = (
				62B6423820B4ADB9008EA574 /* main.cpp */,
			);
			path = DataReceiver;
			sourceTree = "<group>";
		};
/* End PBXGroup section */

/* Begin PBXNativeTarget section */
		62B6422720B4A865008EA574 /* DataSetter */ = {
			isa = PBXNativeTarget;
			buildConfigurationList = 62B6422F20B4A865008EA574 /* Build configuration list for PBXNativeTarget "DataSetter" */;
			buildPhases = (
				62B6422420B4A865008EA574 /* Sources */,
				62B6422520B4A865008EA574 /* Frameworks */,
				62B6422620B4A865008EA574 /* CopyFiles */,
			);
			buildRules = (
			);
			dependencies = (
			);
			name = DataSetter;
			productName = SharedMemory;
			productReference = 62B6422820B4A865008EA574 /* DataSetter */;
			productType = "com.apple.product-type.tool";
		};
		62B6423520B4ADB9008EA574 /* DataReceiver */ = {
			isa = PBXNativeTarget;
			buildConfigurationList = 62B6423A20B4ADB9008EA574 /* Build configuration list for PBXNativeTarget "DataReceiver" */;
			buildPhases = (
				62B6423220B4ADB9008EA574 /* Sources */,
				62B6423320B4ADB9008EA574 /* Frameworks */,
				62B6423420B4ADB9008EA574 /* CopyFiles */,
			);
			buildRules = (
			);
			dependencies = (
			);
			name = DataReceiver;
			productName = DataReceiver;
			productReference = 62B6423620B4ADB9008EA574 /* DataReceiver */;
			productType = "com.apple.product-type.tool";
		};
/* End PBXNativeTarget section */

/* Begin PBXProject section */
		62B6422020B4A865008EA574 /* Project object */ = {
			isa = PBXProject;
			attributes = {
				LastUpgradeCheck = 0930;
				ORGANIZATIONNAME = "Chikashi Miyama";
				TargetAttributes = {
					62B6422720B4A865008EA574 = {
						CreatedOnToolsVersion = 9.3.1;
					};
					62B6423520B4ADB9008EA574 = {
						CreatedOnToolsVersion = 9.3.1;
					};
				};
			};
			buildConfigurationList = 62B6422320B4A865008EA574 /* Build configuration list for PBXProject "SharedMemory" */;
			compatibilityVersion = "Xcode 9.3";
			developmentRegion = en;
			hasScannedForEncodings = 0;
			knownRegions = (
				en,
			);
			mainGroup = 62B6421F20B4A865008EA574;
			productRefGroup = 62B6422920B4A865008EA574 /* Products */;
			projectDirPath = "";
			projectRoot = "";
			targets = (
				62B6422720B4A865008EA574 /* DataSetter */,
				62B6423520B4ADB9008EA574 /* DataReceiver */,
			);
		};
/* End PBXProject section */

/* Begin PBXSourcesBuildPhase section */
		62B6422420B4A865008EA574 /* Sources */ = {
			isa = PBXSourcesBuildPhase;
			buildActionMask = 2147483647;
			files = (
				62B6422C20B4A865008EA574 /* Setter.cpp in Sources */,
			);
			runOnlyForDeploymentPostprocessing = 0;
		};
		62B6423220B4ADB9008EA574 /* Sources */ = {
			isa = PBXSourcesBuildPhase;
			buildActionMask = 2147483647;
			files = (
				62B6423E20B4AE31008EA574 /* Receiver.cpp in Sources */,
			);
			runOnlyForDeploymentPostprocessing = 0;
		};
/* End PBXSourcesBuildPhase section */

/* Begin XCBuildConfiguration section */
		62B6422D20B4A865008EA574 /* Debug */ = {
			isa = XCBuildConfiguration;
			buildSettings = {
				ALWAYS_SEARCH_USER_PATHS = NO;
				CLANG_ANALYZER_NONNULL = YES;
				CLANG_ANALYZER_NUMBER_OBJECT_CONVERSION = YES_AGGRESSIVE;
				CLANG_CXX_LANGUAGE_STANDARD = "gnu++14";
				CLANG_CXX_LIBRARY = "libc++";
				CLANG_ENABLE_MODULES = YES;
				CLANG_ENABLE_OBJC_ARC = YES;
				CLANG_ENABLE_OBJC_WEAK = YES;
				CLANG_WARN_BLOCK_CAPTURE_AUTORELEASING = YES;
				CLANG_WARN_BOOL_CONVERSION = YES;
				CLANG_WARN_COMMA = YES;
				CLANG_WARN_CONSTANT_CONVERSION = YES;
				CLANG_WARN_DEPRECATED_OBJC_IMPLEMENTATIONS = YES;
				CLANG_WARN_DIRECT_OBJC_ISA_USAGE = YES_ERROR;
				CLANG_WARN_DOCUMENTATION_COMMENTS = YES;
				CLANG_WARN_EMPTY_BODY = YES;
				CLANG_WARN_ENUM_CONVERSION = YES;
				CLANG_WARN_INFINITE_RECURSION = YES;
				CLANG_WARN_INT_CONVERSION = YES;
				CLANG_WARN_NON_LITERAL_NULL_CONVERSION = YES;
				CLANG_WARN_OBJC_IMPLICIT_RETAIN_SELF = YES;
				CLANG_WARN_OBJC_LITERAL_CONVERSION = YES;
				CLANG_WARN_OBJC_ROOT_CLASS = YES_ERROR;
				CLANG_WARN_RANGE_LOOP_ANALYSIS = YES;
				CLANG_WARN_STRICT_PROTOTYPES = YES;
				CLANG_WARN_SUSPICIOUS_MOVE = YES;
				CLANG_WARN_UNGUARDED_AVAILABILITY = YES_AGGRESSIVE;
				CLANG_WARN_UNREACHABLE_CODE = YES;
				CLANG_WARN__DUPLICATE_METHOD_MATCH = YES;
				CODE_SIGN_IDENTITY = "-";
				COPY_PHASE_STRIP = NO;
				DEBUG_INFORMATION_FORMAT = dwarf;
				ENABLE_STRICT_OBJC_MSGSEND = YES;
				ENABLE_TESTABILITY = YES;
				GCC_C_LANGUAGE_STANDARD = gnu11;
				GCC_DYNAMIC_NO_PIC = NO;
				GCC_NO_COMMON_BLOCKS = YES;
				GCC_OPTIMIZATION_LEVEL = 0;
				GCC_PREPROCESSOR_DEFINITIONS = (
					"DEBUG=1",
					"$(inherited)",
				);
				GCC_WARN_64_TO_32_BIT_CONVERSION = YES;
				GCC_WARN_ABOUT_RETURN_TYPE = YES_ERROR;
				GCC_WARN_UNDECLARED_SELECTOR = YES;
				GCC_WARN_UNINITIALIZED_AUTOS = YES_AGGRESSIVE;
				GCC_WARN_UNUSED_FUNCTION = YES;
				GCC_WARN_UNUSED_VARIABLE = YES;
				MACOSX_DEPLOYMENT_TARGET = 10.13;
				MTL_ENABLE_DEBUG_INFO = YES;
				ONLY_ACTIVE_ARCH = YES;
				SDKROOT = macosx;
			};
			name = Debug;
		};
		62B6422E20B4A865008EA574 /* Release */ = {
			isa = XCBuildConfiguration;
			buildSettings = {
				ALWAYS_SEARCH_USER_PATHS = NO;
				CLANG_ANALYZER_NONNULL = YES;
				CLANG_ANALYZER_NUMBER_OBJECT_CONVERSION = YES_AGGRESSIVE;
				CLANG_CXX_LANGUAGE_STANDARD = "gnu++14";
				CLANG_CXX_LIBRARY = "libc++";
				CLANG_ENABLE_MODULES = YES;
				CLANG_ENABLE_OBJC_ARC = YES;
				CLANG_ENABLE_OBJC_WEAK = YES;
				CLANG_WARN_BLOCK_CAPTURE_AUTORELEASING = YES;
				CLANG_WARN_BOOL_CONVERSION = YES;
				CLANG_WARN_COMMA = YES;
				CLANG_WARN_CONSTANT_CONVERSION = YES;
				CLANG_WARN_DEPRECATED_OBJC_IMPLEMENTATIONS = YES;
				CLANG_WARN_DIRECT_OBJC_ISA_USAGE = YES_ERROR;
				CLANG_WARN_DOCUMENTATION_COMMENTS = YES;
				CLANG_WARN_EMPTY_BODY = YES;
				CLANG_WARN_ENUM_CONVERSION = YES;
				CLANG_WARN_INFINITE_RECURSION = YES;
				CLANG_WARN_INT_CONVERSION = YES;
				CLANG_WARN_NON_LITERAL_NULL_CONVERSION = YES;
				CLANG_WARN_OBJC_IMPLICIT_RETAIN_SELF = YES;
				CLANG_WARN_OBJC_LITERAL_CONVERSION = YES;
				CLANG_WARN_OBJC_ROOT_CLASS = YES_ERROR;
				CLANG_WARN_RANGE_LOOP_ANALYSIS = YES;
				CLANG_WARN_STRICT_PROTOTYPES = YES;
				CLANG_WARN_SUSPICIOUS_MOVE = YES;
				CLANG_WARN_UNGUARDED_AVAILABILITY = YES_AGGRESSIVE;
				CLANG_WARN_UNREACHABLE_CODE = YES;
				CLANG_WARN__DUPLICATE_METHOD_MATCH = YES;
				CODE_SIGN_IDENTITY = "-";
				COPY_PHASE_STRIP = NO;
				DEBUG_INFORMATION_FORMAT = "dwarf-with-dsym";
				ENABLE_NS_ASSERTIONS = NO;
				ENABLE_STRICT_OBJC_MSGSEND = YES;
				GCC_C_LANGUAGE_STANDARD = gnu11;
				GCC_NO_COMMON_BLOCKS = YES;
				GCC_WARN_64_TO_32_BIT_CONVERSION = YES;
				GCC_WARN_ABOUT_RETURN_TYPE = YES_ERROR;
				GCC_WARN_UNDECLARED_SELECTOR = YES;
				GCC_WARN_UNINITIALIZED_AUTOS = YES_AGGRESSIVE;
				GCC_WARN_UNUSED_FUNCTION = YES;
				GCC_WARN_UNUSED_VARIABLE = YES;
				MACOSX_DEPLOYMENT_TARGET = 10.13;
				MTL_ENABLE_DEBUG_INFO = NO;
				SDKROOT = macosx;
			};
			name = Release;
		};
		62B6423020B4A865008EA574 /* Debug */ = {
			isa = XCBuildConfiguration;
			buildSettings = {
				CODE_SIGN_STYLE = Automatic;
				HEADER_SEARCH_PATHS = /Users/chikashi/Development/dearVR/ThirdParty/boost/include;
				PRODUCT_NAME = "$(TARGET_NAME)";
			};
			name = Debug;
		};
		62B6423120B4A865008EA574 /* Release */ = {
			isa = XCBuildConfiguration;
			buildSettings = {
				CODE_SIGN_STYLE = Automatic;
				HEADER_SEARCH_PATHS = /Users/chikashi/Development/dearVR/ThirdParty/boost/include;
				PRODUCT_NAME = "$(TARGET_NAME)";
			};
			name = Release;
		};
		62B6423B20B4ADB9008EA574 /* Debug */ = {
			isa = XCBuildConfiguration;
			buildSettings = {
				CODE_SIGN_STYLE = Automatic;
				HEADER_SEARCH_PATHS = "\"$(SRCROOT)/../../Development/dearVR/ThirdParty/boost/include\"";
				PRODUCT_NAME = "$(TARGET_NAME)";
			};
			name = Debug;
		};
		62B6423C20B4ADB9008EA574 /* Release */ = {
			isa = XCBuildConfiguration;
			buildSettings = {
				CODE_SIGN_STYLE = Automatic;
				HEADER_SEARCH_PATHS = "\"$(SRCROOT)/../../Development/dearVR/ThirdParty/boost/include\"";
				PRODUCT_NAME = "$(TARGET_NAME)";
			};
			name = Release;
		};
/* End XCBuildConfiguration section */

/* Begin XCConfigurationList section */
		62B6422320B4A865008EA574 /* Build configuration list for PBXProject "SharedMemory" */ = {
			isa = XCConfigurationList;
			buildConfigurations = (
				62B6422D20B4A865008EA574 /* Debug */,
				62B6422E20B4A865008EA574 /* Release */,
			);
			defaultConfigurationIsVisible = 0;
			defaultConfigurationName = Release;
		};
		62B6422F20B4A865008EA574 /* Build configuration list for PBXNativeTarget "DataSetter" */ = {
			isa = XCConfigurationList;
			buildConfigurations = (
				62B6423020B4A865008EA574 /* Debug */,
				62B6423120B4A865008EA574 /* Release */,
			);
			defaultConfigurationIsVisible = 0;
			defaultConfigurationName = Release;
		};
		62B6423A20B4ADB9008EA574 /* Build configuration list for PBXNativeTarget "DataReceiver" */ = {
			isa = XCConfigurationList;
			buildConfigurations = (
				62B6423B20B4ADB9008EA574 /* Debug */,
				62B6423C20B4ADB9008EA574 /* Release */,
			);
			defaultConfigurationIsVisible = 0;
			defaultConfigurationName = Release;
		};
/* End XCConfigurationList section */
	};
	rootObject = 62B6422020B4A865008EA574 /* Project object */;
}
